
Microsoft Visual Studio Solution File, Format Version 12.00
# Visual Studio Version 17
VisualStudioVersion = 17.5.002.0
MinimumVisualStudioVersion = 10.0.40219.1
Project("{9A19103F-16F7-4668-BE54-9A1E7A4F7556}") = "HelloWorldAPI", "HelloWorldAPI\HelloWorldAPI.csproj", "{C0AE65C3-61CE-4BF8-97B8-E87C46666F49}"
EndProject
Global
	GlobalSection(SolutionConfigurationPlatforms) = preSolution
		Debug|Any CPU = Debug|Any CPU
		Release|Any CPU = Release|Any CPU
	EndGlobalSection
	GlobalSection(ProjectConfigurationPlatforms) = postSolution
		{C0AE65C3-61CE-4BF8-97B8-E87C46666F49}.Debug|Any CPU.ActiveCfg = Debug|Any CPU
		{C0AE65C3-61CE-4BF8-97B8-E87C46666F49}.Debug|Any CPU.Build.0 = Debug|Any CPU
		{C0AE65C3-61CE-4BF8-97B8-E87C46666F49}.Release|Any CPU.ActiveCfg = Release|Any CPU
		{C0AE65C3-61CE-4BF8-97B8-E87C46666F49}.Release|Any CPU.Build.0 = Release|Any CPU
	EndGlobalSection
	GlobalSection(SolutionProperties) = preSolution
		HideSolutionNode = FALSE
	EndGlobalSection
	GlobalSection(ExtensibilityGlobals) = postSolution
		SolutionGuid = {1B8AFE3F-40BA-4D5F-AE7D-9AD587750B31}
	EndGlobalSection
EndGlobal
